
Microsoft Visual Studio Solution File, Format Version 12.00
# Visual Studio 15
VisualStudioVersion = 15.0.28307.572
MinimumVisualStudioVersion = 10.0.40219.1
Project("{FAE04EC0-301F-11D3-BF4B-00C04F79EFBC}") = "Accounting", "Accounting\Accounting.csproj", "{365AE668-9E79-46F9-96A8-4E9072DB151D}"
EndProject
Global
	GlobalSection(SolutionConfigurationPlatforms) = preSolution
		Debug|Any CPU = Debug|Any CPU
		Release|Any CPU = Release|Any CPU
	EndGlobalSection
	GlobalSection(ProjectConfigurationPlatforms) = postSolution
		{365AE668-9E79-46F9-96A8-4E9072DB151D}.Debug|Any CPU.ActiveCfg = Debug|Any CPU
		{365AE668-9E79-46F9-96A8-4E9072DB151D}.Debug|Any CPU.Build.0 = Debug|Any CPU
		{365AE668-9E79-46F9-96A8-4E9072DB151D}.Release|Any CPU.ActiveCfg = Release|Any CPU
		{365AE668-9E79-46F9-96A8-4E9072DB151D}.Release|Any CPU.Build.0 = Release|Any CPU
	EndGlobalSection
	GlobalSection(SolutionProperties) = preSolution
		HideSolutionNode = FALSE
	EndGlobalSection
	GlobalSection(ExtensibilityGlobals) = postSolution
		SolutionGuid = {D9914A10-5881-4AC7-A504-F43EC30CFB21}
	EndGlobalSection
EndGlobal
